
Microsoft Visual Studio Solution File, Format Version 12.00
# Visual Studio 15
VisualStudioVersion = 15.0.27428.2002
MinimumVisualStudioVersion = 10.0.40219.1
Project("{FAE04EC0-301F-11D3-BF4B-00C04F79EFBC}") = "GatewayApp", "GatewayApp\GatewayApp.csproj", "{BA76E512-1183-41F0-8492-BB3F70C63774}"
EndProject
Global
	GlobalSection(SolutionConfigurationPlatforms) = preSolution
		Debug|Any CPU = Debug|Any CPU
		Release|Any CPU = Release|Any CPU
	EndGlobalSection
	GlobalSection(ProjectConfigurationPlatforms) = postSolution
		{BA76E512-1183-41F0-8492-BB3F70C63774}.Debug|Any CPU.ActiveCfg = Debug|Any CPU
		{BA76E512-1183-41F0-8492-BB3F70C63774}.Debug|Any CPU.Build.0 = Debug|Any CPU
		{BA76E512-1183-41F0-8492-BB3F70C63774}.Release|Any CPU.ActiveCfg = Release|Any CPU
		{BA76E512-1183-41F0-8492-BB3F70C63774}.Release|Any CPU.Build.0 = Release|Any CPU
	EndGlobalSection
	GlobalSection(SolutionProperties) = preSolution
		HideSolutionNode = FALSE
	EndGlobalSection
	GlobalSection(ExtensibilityGlobals) = postSolution
		SolutionGuid = {A249D61B-253E-43BB-BE87-7EF5FE0EBF73}
	EndGlobalSection
EndGlobal
